
Microsoft Visual Studio Solution File, Format Version 12.00
# Visual Studio Version 16
VisualStudioVersion = 16.0.29123.88
MinimumVisualStudioVersion = 10.0.40219.1
Project("{FAE04EC0-301F-11D3-BF4B-00C04F79EFBC}") = "QueryDuplicateFileNames", "QueryDuplicateFileNames\QueryDuplicateFileNames.csproj", "{F6385664-627A-490F-8DB6-A09BB4F11941}"
EndProject
Global
	GlobalSection(SolutionConfigurationPlatforms) = preSolution
		Debug|Any CPU = Debug|Any CPU
		Release|Any CPU = Release|Any CPU
	EndGlobalSection
	GlobalSection(ProjectConfigurationPlatforms) = postSolution
		{F6385664-627A-490F-8DB6-A09BB4F11941}.Debug|Any CPU.ActiveCfg = Debug|Any CPU
		{F6385664-627A-490F-8DB6-A09BB4F11941}.Debug|Any CPU.Build.0 = Debug|Any CPU
		{F6385664-627A-490F-8DB6-A09BB4F11941}.Release|Any CPU.ActiveCfg = Release|Any CPU
		{F6385664-627A-490F-8DB6-A09BB4F11941}.Release|Any CPU.Build.0 = Release|Any CPU
	EndGlobalSection
	GlobalSection(SolutionProperties) = preSolution
		HideSolutionNode = FALSE
	EndGlobalSection
	GlobalSection(ExtensibilityGlobals) = postSolution
		SolutionGuid = {44A258D0-C0AD-4043-AFF2-CF7D9AB18129}
	EndGlobalSection
EndGlobal
